
Microsoft Visual Studio Solution File, Format Version 12.00
# Visual Studio Version 16
VisualStudioVersion = 16.0.34031.81
MinimumVisualStudioVersion = 10.0.40219.1
Project("{FAE04EC0-301F-11D3-BF4B-00C04F79EFBC}") = "cuRotitaDeLaMouse", "cuRotitaDeLaMouse\cuRotitaDeLaMouse.csproj", "{A324482E-3874-4A02-8652-FA17BF82FC58}"
EndProject
Global
	GlobalSection(SolutionConfigurationPlatforms) = preSolution
		Debug|Any CPU = Debug|Any CPU
		Release|Any CPU = Release|Any CPU
	EndGlobalSection
	GlobalSection(ProjectConfigurationPlatforms) = postSolution
		{A324482E-3874-4A02-8652-FA17BF82FC58}.Debug|Any CPU.ActiveCfg = Debug|Any CPU
		{A324482E-3874-4A02-8652-FA17BF82FC58}.Debug|Any CPU.Build.0 = Debug|Any CPU
		{A324482E-3874-4A02-8652-FA17BF82FC58}.Release|Any CPU.ActiveCfg = Release|Any CPU
		{A324482E-3874-4A02-8652-FA17BF82FC58}.Release|Any CPU.Build.0 = Release|Any CPU
	EndGlobalSection
	GlobalSection(SolutionProperties) = preSolution
		HideSolutionNode = FALSE
	EndGlobalSection
	GlobalSection(ExtensibilityGlobals) = postSolution
		SolutionGuid = {FD7AC143-8750-4C41-A2EF-FFFF11D1CF4E}
	EndGlobalSection
EndGlobal
